{
    "name": "heroku-deploy",
    "lockfileVersion": 2,
    "requires": true,
    "packages": {
        "": {
            "name": "heroku-deploy",
            "dependencies": {
                "@rails/actioncable": "^7.0.1"
            },
            "engines": {
                "node": "16.8.0"
            }
        },
        "node_modules/@rails/actioncable": {
            "version": "7.0.1",
            "resolved": "https://registry.npmjs.org/@rails/actioncable/-/actioncable-7.0.1.tgz",
            "integrity": "sha512-lbGc1z2RXdiWZJE/8o2GSe2gek82EoKd2YvjRrqV//0J3/JImONUYwZ2XPmS1R9R2oth1XlIG0YidqdeTty0TA=="
        }
    },
    "dependencies": {
        "@rails/actioncable": {
            "version": "7.0.1",
            "resolved": "https://registry.npmjs.org/@rails/actioncable/-/actioncable-7.0.1.tgz",
            "integrity": "sha512-lbGc1z2RXdiWZJE/8o2GSe2gek82EoKd2YvjRrqV//0J3/JImONUYwZ2XPmS1R9R2oth1XlIG0YidqdeTty0TA=="
        }
    }
}
